
Microsoft Visual Studio Solution File, Format Version 12.00
# Visual Studio Version 17
VisualStudioVersion = 17.3.32804.467
MinimumVisualStudioVersion = 10.0.40219.1
Project("{FAE04EC0-301F-11D3-BF4B-00C04F79EFBC}") = "Bank", "Bank\Bank.csproj", "{50E46F58-48EA-4393-9A34-0F3BBAFEE50E}"
EndProject
Project("{FAE04EC0-301F-11D3-BF4B-00C04F79EFBC}") = "BankTests", "BankTests\BankTests.csproj", "{8FB5C76C-65E5-48D5-B5CB-ED6B5AB76A82}"
EndProject
Global
	GlobalSection(SolutionConfigurationPlatforms) = preSolution
		Debug|Any CPU = Debug|Any CPU
		Release|Any CPU = Release|Any CPU
	EndGlobalSection
	GlobalSection(ProjectConfigurationPlatforms) = postSolution
		{50E46F58-48EA-4393-9A34-0F3BBAFEE50E}.Debug|Any CPU.ActiveCfg = Debug|Any CPU
		{50E46F58-48EA-4393-9A34-0F3BBAFEE50E}.Debug|Any CPU.Build.0 = Debug|Any CPU
		{50E46F58-48EA-4393-9A34-0F3BBAFEE50E}.Release|Any CPU.ActiveCfg = Release|Any CPU
		{50E46F58-48EA-4393-9A34-0F3BBAFEE50E}.Release|Any CPU.Build.0 = Release|Any CPU
		{8FB5C76C-65E5-48D5-B5CB-ED6B5AB76A82}.Debug|Any CPU.ActiveCfg = Debug|Any CPU
		{8FB5C76C-65E5-48D5-B5CB-ED6B5AB76A82}.Debug|Any CPU.Build.0 = Debug|Any CPU
		{8FB5C76C-65E5-48D5-B5CB-ED6B5AB76A82}.Release|Any CPU.ActiveCfg = Release|Any CPU
		{8FB5C76C-65E5-48D5-B5CB-ED6B5AB76A82}.Release|Any CPU.Build.0 = Release|Any CPU
	EndGlobalSection
	GlobalSection(SolutionProperties) = preSolution
		HideSolutionNode = FALSE
	EndGlobalSection
	GlobalSection(ExtensibilityGlobals) = postSolution
		SolutionGuid = {FE6BB148-A214-4080-91CF-42FB27026DF9}
	EndGlobalSection
EndGlobal
